# THIS IS AN AUTOGENERATED FILE. DO NOT EDIT THIS FILE DIRECTLY.
assets/ajax-load.gif:
  development: 2017-09-29T18:03:46-04:00   ad46810da5e5e0c860fb3d5ecf1f6a9f
assets/arrow-line.png:
  development: 2017-09-29T18:03:47-04:00   d469625e00524e9a116d9645746cf949
assets/blank.gif:
  development: 2017-09-29T18:03:47-04:00   325472601571f31e1bf00674c368d335
assets/block-cross.png:
  development: 2017-09-29T18:03:47-04:00   3d7ef91d26746f5cf78f3ea598950000
assets/close-bg-dark.png:
  development: 2017-09-29T18:03:47-04:00   fb960b83be4e8f2427174f785d36ca06
assets/close-bg-light.png:
  development: 2017-09-29T18:03:47-04:00   399ad157ba1af42eb6b95f387b17b584
assets/fancy_close.png:
  development: 2017-09-29T18:03:47-04:00   6e2879a324a76e9972ebc98201aae1d8
assets/fancy_loading.png:
  development: 2017-09-29T18:03:47-04:00   b1d54c240cf06e7f41e372d56919b738
assets/fancy_nav_left.png:
  development: 2017-09-29T18:03:47-04:00   3f3e406102152cd8236383568a40ba35
assets/fancy_nav_right.png:
  development: 2017-09-29T18:03:47-04:00   216e4bde5bddeeaa60dc3d692890a68e
assets/fancy_title_left.png:
  development: 2017-09-29T18:03:48-04:00   1582ac2d3bef6a6445bf02ceca2741cd
assets/fancy_title_main.png:
  development: 2017-09-29T18:03:48-04:00   38dad6c1ed4bdc81c0bec721b2deb8c2
assets/fancy_title_over.png:
  development: 2017-09-29T18:03:48-04:00   b886fd165d4b7ac77d41fb52d87ffc60
assets/fancy_title_right.png:
  development: 2017-09-29T18:03:48-04:00   6cbe0c935511e7f9a2555ccb6a7324c4
assets/fancybox-x.png:
  development: 2017-09-29T18:03:48-04:00   168696d8a694214090ef90e029cdf393
assets/fancybox-y.png:
  development: 2017-09-29T18:03:48-04:00   36a58859beb9a6b19322a37466b9f78e
assets/fancybox.png:
  development: 2017-09-29T18:03:48-04:00   11e57e492ee0311540967cc7a1e6e3e2
assets/flexslider-leftright.png:
  development: 2017-09-29T18:03:48-04:00   7257c151475ef6ca9dfbc47b53de2b7a
assets/gravatar_def.png:
  development: 2017-09-29T18:03:48-04:00   06da8d6085cefaa8d592ab5614cad5bb
assets/ico-checkout-lock-contrasty.png:
  development: 2017-09-29T18:03:48-04:00   1f484cbe4b640dbc3f4a738c54bdfaf4
assets/jquery.cart.min.js:
  development: 2017-09-29T18:03:49-04:00   ede0ec10286f16bbfb4778a69ef4c778
assets/jquery.currencies.min.js:
  development: 2017-09-29T18:03:49-04:00   3714c8863fad54fbb64c4d24e9e61a01
assets/link-sq.png:
  development: 2017-09-29T18:03:49-04:00   97a7b1837c0c24c4d5a816a95d7e8d85
assets/styles.scss.liquid:
  development: 2017-09-29T18:03:49-04:00   9833ad95446d246da754c5f5c95d34fe
assets/theme.js.liquid:
  development: 2017-09-29T18:03:49-04:00   ff00232b41ab1292b4fc1a3bc9896947
assets/vendor.js:
  development: 2017-09-29T18:03:49-04:00   2c1836d6ba9ed4ca0df30c1f2d90d653
config/settings_data.json:
  development: 2017-09-29T18:03:46-04:00   92ce0536735808b5d70d3c41625f3c9b
config/settings_schema.json:
  development: 2017-09-29T18:03:49-04:00   380600aaacbcb97e7d68684acd1c781a
layout/theme.liquid:
  development: 2017-09-29T18:03:49-04:00   02e70eba5f3898b58c54bc8dec0bc13e
locales/en.default.json:
  development: 2017-09-29T18:03:51-04:00   a69c56bb90a54eecefba15eff6b90f25
sections/article-template.liquid:
  development: 2017-09-29T18:03:45-04:00   4bb1d6e44f05297dc12701b6fdd18bf0
sections/blog-template.liquid:
  development: 2017-09-29T18:03:45-04:00   63564399cfb82b5d9fb89ab99f5ee2ce
sections/cart-template.liquid:
  development: 2017-09-29T18:03:45-04:00   b6261f44231ddd5327c2d611cb2168b7
sections/collection-template.liquid:
  development: 2017-09-29T18:03:45-04:00   effc7da35d50e4953642e08cd7a1bec0
sections/cross-page-promos.liquid:
  development: 2017-09-29T18:03:45-04:00   38aa501e1f99f998e8ddff87ea73d059
sections/custom-row.liquid:
  development: 2017-09-29T18:03:45-04:00   9c648a19959194007d55ec4ac869199b
sections/featured-blog.liquid:
  development: 2017-09-29T18:03:45-04:00   69bf1d789cc061a220787d981c2566c8
sections/featured-collection.liquid:
  development: 2017-09-29T18:03:45-04:00   10353cf4088c356de3d5eefc08cce852
sections/featured-collections.liquid:
  development: 2017-09-29T18:03:45-04:00   af60cff14b0d886436e1cc0e41ccbbcd
sections/footer.liquid:
  development: 2017-09-29T18:03:45-04:00   8e2b417897b7f8cc55634b98b540b9e2
sections/header.liquid:
  development: 2017-09-29T18:03:45-04:00   ac885acc7d9f9da248e12226ec41e78d
sections/instagram.liquid:
  development: 2017-09-29T18:03:45-04:00   0fb9e1b94fefff5a878b0b0ae794740a
sections/list-collections-template.liquid:
  development: 2017-09-29T18:03:45-04:00   fe43c197aab1bb86809f1ac0a889c925
sections/newsletter.liquid:
  development: 2017-09-29T18:03:45-04:00   28c4c32f16f983e3ec7df4489da2b8c5
sections/page-list-collections-template.liquid:
  development: 2017-09-29T18:03:45-04:00   7a41fd89ca9ea6d4f39c0d7a2fcd8128
sections/product-template.liquid:
  development: 2017-09-29T18:03:45-04:00   0ad81c24cdf6f49a95e5870d2f2ac72a
sections/slideshow.liquid:
  development: 2017-09-29T18:03:45-04:00   1d0b2b0fd64174c48c081e39bf0f3ac7
sections/text-beside-content.liquid:
  development: 2017-09-29T18:03:45-04:00   4a5722cba45ce6557544d99a34113c79
sections/text-full-width.liquid:
  development: 2017-09-29T18:03:45-04:00   30420ab5df99a8386d309df8cecd0043
sections/text-image-overlay.liquid:
  development: 2017-09-29T18:03:45-04:00   a22396900ee663104f548771d022e0ea
sections/video.liquid:
  development: 2017-09-29T18:03:45-04:00   3fe88e4c01b3e456365a18bfeb7551f5
snippets/collection-block.liquid:
  development: 2017-09-29T18:03:49-04:00   a17c6b02cd83a5e47e539517b190963e
snippets/currencies-switcher.liquid:
  development: 2017-09-29T18:03:50-04:00   ec10985a9f2fb8be6b4f7b9150fe96e8
snippets/currencies.liquid:
  development: 2017-09-29T18:03:50-04:00   2e30cd9221c57e84ae81b2ebaf2ae963
snippets/google-fonts-import.liquid:
  development: 2017-09-29T18:03:50-04:00   f68c28a0a676f73491a4df69aebe7d8b
snippets/icon-chat.liquid:
  development: 2017-09-29T18:03:50-04:00   3949f239f58f14c94fe87ff10cf5d275
snippets/icon-delivery.liquid:
  development: 2017-09-29T18:03:50-04:00   23f84d048778f97fe5a46ffbc9d88910
snippets/icon-email.liquid:
  development: 2017-09-29T18:03:50-04:00   972048b61ff7483a2e3405d6971e41de
snippets/icon-gift.liquid:
  development: 2017-09-29T18:03:50-04:00   91e0c7a5b6c2ee074ad83800eaa0cec3
snippets/icon-heart.liquid:
  development: 2017-09-29T18:03:50-04:00   6fe6bf185a631c104817d0ecbd795d19
snippets/icon-label.liquid:
  development: 2017-09-29T18:03:50-04:00   0bb9be30e46806aaefb745860d946aea
snippets/icon-location.liquid:
  development: 2017-09-29T18:03:50-04:00   f702a4b5205419aafe5cdc3150ff7afe
snippets/icon-lock.liquid:
  development: 2017-09-29T18:03:50-04:00   34e7655237f18c3ab246a5c8bb8ae1af
snippets/icon-people.liquid:
  development: 2017-09-29T18:03:50-04:00   cdcb187fa744fa56469b7241ae4ef73c
snippets/icon-question.liquid:
  development: 2017-09-29T18:03:50-04:00   114764f59277cff4b1307302602462d9
snippets/icon-smile.liquid:
  development: 2017-09-29T18:03:50-04:00   40b81ede9b55ac325fa26295978373dc
snippets/icon-star.liquid:
  development: 2017-09-29T18:03:50-04:00   9ee06d863912e8be3690606881734067
snippets/icon-telephone.liquid:
  development: 2017-09-29T18:03:50-04:00   365525ebad4785c86d712a54902bb98f
snippets/main-navigation.liquid:
  development: 2017-09-29T18:03:50-04:00   a5755d8325219bf2f0f261fece926b95
snippets/onboarding-collection-block.liquid:
  development: 2017-09-29T18:03:50-04:00   d20d84eced57ef5689ad003e64ddfbce
snippets/onboarding-product-block.liquid:
  development: 2017-09-29T18:03:50-04:00   cfc8826bcb27e8371772c66a8ff0d9a3
snippets/opengraph-tags.liquid:
  development: 2017-09-29T18:03:50-04:00   8e7c49cd394f408842d33bac4396dcbc
snippets/pagination-control.liquid:
  development: 2017-09-29T18:03:50-04:00   4dcf44845a020d1b541eeae9c480cb41
snippets/product-block.liquid:
  development: 2017-09-29T18:03:50-04:00   6c8be47060b1f0b29469b81dcfae4b60
snippets/product-label.liquid:
  development: 2017-09-29T18:03:50-04:00   7e5f0af48d16fdc9e14b4713e54f05a9
snippets/recursive-navigation-helper.liquid:
  development: 2017-09-29T18:03:50-04:00   454b177c58e71958225437722bb3469b
snippets/related-products.liquid:
  development: 2017-09-29T18:03:50-04:00   d80afb5493ece44bea01022a719de507
snippets/shipping-calculator.liquid:
  development: 2017-09-29T18:03:50-04:00   967753e1f01f5b8972906faca6e067a6
snippets/signup-form.liquid:
  development: 2017-09-29T18:03:50-04:00   f9edb4cc13018c6a24faf0942e1c15c9
snippets/social-icons.liquid:
  development: 2017-09-29T18:03:50-04:00   1164ba4f290639d58b7e924b51d5d608
snippets/social-sharing.liquid:
  development: 2017-09-29T18:03:50-04:00   c14f487c5f2ad43a347890d0d6484ac0
snippets/svg-cart.liquid:
  development: 2017-09-29T18:03:50-04:00   87f580484269d0b5fa84f54c8321ea7e
snippets/svg-chevron-left.liquid:
  development: 2017-09-29T18:03:50-04:00   6cd17be4526b100160139e0dfa0584c7
snippets/svg-chevron-right.liquid:
  development: 2017-09-29T18:03:50-04:00   d87c0294e6f0034aaa425ff3ed6e7025
snippets/svg-email.liquid:
  development: 2017-09-29T18:03:50-04:00   4299bd8e72a7c9e711ad4ba324621948
snippets/svg-facebook.liquid:
  development: 2017-09-29T18:03:50-04:00   bd545649043ed4f29eccf2d1fcb6ab5b
snippets/svg-google-plus.liquid:
  development: 2017-09-29T18:03:50-04:00   db44176be06a771ce7c82e39aceac411
snippets/svg-instagram.liquid:
  development: 2017-09-29T18:03:50-04:00   fb0d7a347cc26019c5339527631ce0fd
snippets/svg-pinterest.liquid:
  development: 2017-09-29T18:03:50-04:00   c7d59f067b24e00b4269e01b743c5dd1
snippets/svg-rss.liquid:
  development: 2017-09-29T18:03:50-04:00   5ec010ebedfe7033af23b77953228b4a
snippets/svg-search.liquid:
  development: 2017-09-29T18:03:50-04:00   5a670362dd12d47d76f853b0c8f3ae78
snippets/svg-tumblr.liquid:
  development: 2017-09-29T18:03:50-04:00   84f8eea0e35a515849847291aca80153
snippets/svg-twitter.liquid:
  development: 2017-09-29T18:03:50-04:00   4c84464febd7b4c6cb341f82003a3c6e
snippets/svg-vimeo.liquid:
  development: 2017-09-29T18:03:50-04:00   9c6e0eb1270b656d65bb8b22ae029839
snippets/svg-youtube.liquid:
  development: 2017-09-29T18:03:51-04:00   f882aa0f1c0daa5572373446cea04d2b
snippets/twitter-card.liquid:
  development: 2017-09-29T18:03:51-04:00   9fe9d0ff2c10a0ffc8c4f821ec06608f
templates/404.liquid:
  development: 2017-09-29T18:03:51-04:00   9ba86ad1a468d4789cd06025a95629ab
templates/article.liquid:
  development: 2017-09-29T18:03:51-04:00   cd3f80b27223c839158f739a2bc4a35e
templates/blog.liquid:
  development: 2017-09-29T18:03:51-04:00   2d9763b480fe6879080163b1e0e33e54
templates/cart.liquid:
  development: 2017-09-29T18:03:51-04:00   714b4b7c62d583b231f339bbd1b85d03
templates/collection.liquid:
  development: 2017-09-29T18:03:51-04:00   5db0256874fca1cc72a6f068888fe095
templates/customers/account.liquid:
  development: 2017-09-29T18:03:51-04:00   0b244a96452b411393e52c54774e9b1d
templates/customers/activate_account.liquid:
  development: 2017-09-29T18:03:51-04:00   f12aa7d3d0bc3e0b72d9f47cd37c99e8
templates/customers/addresses.liquid:
  development: 2017-09-29T18:03:51-04:00   049ddf6228329f38844972b709245afe
templates/customers/login.liquid:
  development: 2017-09-29T18:03:51-04:00   ffafbc7071d7306f97a147d385c0b727
templates/customers/order.liquid:
  development: 2017-09-29T18:03:51-04:00   14bacf51ebba0257cd7ef7472af70535
templates/customers/register.liquid:
  development: 2017-09-29T18:03:51-04:00   d8177436174e586b2408896252a6af10
templates/customers/reset_password.liquid:
  development: 2017-09-29T18:03:51-04:00   96045251f95e447c4117ef0d004f4734
templates/gift_card.liquid:
  development: 2017-09-29T18:03:51-04:00   8a3c12b7823ec57b06e3d6c2d07701c1
templates/index.liquid:
  development: 2017-09-29T18:03:51-04:00   56b51b6f96394db4b17c64b43e1c0010
templates/list-collections.liquid:
  development: 2017-09-29T18:03:51-04:00   2a3229f9bf1a7d5da0eb25003db24b63
templates/page.article-width.liquid:
  development: 2017-09-29T18:03:51-04:00   e5e1ac2e5d9c54edf160d77d68989e3e
templates/page.contact-centered.liquid:
  development: 2017-09-29T18:03:51-04:00   5830a6a16aa3f3e3c4a24331b13e9fe6
templates/page.contact.liquid:
  development: 2017-09-29T18:03:51-04:00   adfb07989f0648e5715008429a63ed7d
templates/page.liquid:
  development: 2017-09-29T18:03:51-04:00   fb9fc504560e7ed5d290e7e4b1ee534c
templates/page.list-collections.liquid:
  development: 2017-09-29T18:03:51-04:00   640676604293ba3f1b75060dd32b1570
templates/password.liquid:
  development: 2017-09-29T18:03:51-04:00   79c1a08feb5d1f4302ea7b55e5592d93
templates/product.liquid:
  development: 2017-09-29T18:03:51-04:00   6487833eb3ca0dee7c9bab5311a23a11
templates/search.json.liquid:
  development: 2017-09-29T18:03:51-04:00   4b1b774c2f7224df98b431294e90866e
templates/search.liquid:
  development: 2017-09-29T18:03:51-04:00   8fc5173a07d9e5882833fa01921a68e7
